
Microsoft Visual Studio Solution File, Format Version 12.00
# Visual Studio Version 17
VisualStudioVersion = 17.3.32929.385
MinimumVisualStudioVersion = 10.0.40219.1
Project("{FAE04EC0-301F-11D3-BF4B-00C04F79EFBC}") = "LojaVirtualTeste", "LojaVirtualTeste\LojaVirtualTeste.csproj", "{8D219565-7FC1-4258-B263-061951F52544}"
EndProject
Global
	GlobalSection(SolutionConfigurationPlatforms) = preSolution
		Debug|Any CPU = Debug|Any CPU
		Release|Any CPU = Release|Any CPU
	EndGlobalSection
	GlobalSection(ProjectConfigurationPlatforms) = postSolution
		{8D219565-7FC1-4258-B263-061951F52544}.Debug|Any CPU.ActiveCfg = Debug|Any CPU
		{8D219565-7FC1-4258-B263-061951F52544}.Debug|Any CPU.Build.0 = Debug|Any CPU
		{8D219565-7FC1-4258-B263-061951F52544}.Release|Any CPU.ActiveCfg = Release|Any CPU
		{8D219565-7FC1-4258-B263-061951F52544}.Release|Any CPU.Build.0 = Release|Any CPU
	EndGlobalSection
	GlobalSection(SolutionProperties) = preSolution
		HideSolutionNode = FALSE
	EndGlobalSection
	GlobalSection(ExtensibilityGlobals) = postSolution
		SolutionGuid = {2C8E6354-8038-479C-93AC-94D454EC58D1}
	EndGlobalSection
EndGlobal
